// !$*UTF8*$!
{
	archiveVersion = 1;
	classes = {
	};
	objectVersion = 50;
	objects = {

/* Begin PBXBuildFile section */
		4F0A734921B7B3C4000E0E31 /* AppDelegate.m in Sources */ = {isa = PBXBuildFile; fileRef = 4F0A734821B7B3C4000E0E31 /* AppDelegate.m */; };
		4F0A734C21B7B3C4000E0E31 /* ViewController.mm in Sources */ = {isa = PBXBuildFile; fileRef = 4F0A734B21B7B3C4000E0E31 /* ViewController.mm */; };
		4F0A734F21B7B3C4000E0E31 /* Main.storyboard in Resources */ = {isa = PBXBuildFile; fileRef = 4F0A734D21B7B3C4000E0E31 /* Main.storyboard */; };
		4F0A735121B7B3C6000E0E31 /* Assets.xcassets in Resources */ = {isa = PBXBuildFile; fileRef = 4F0A735021B7B3C6000E0E31 /* Assets.xcassets */; };
		4F0A735421B7B3C6000E0E31 /* LaunchScreen.storyboard in Resources */ = {isa = PBXBuildFile; fileRef = 4F0A735221B7B3C6000E0E31 /* LaunchScreen.storyboard */; };
		4F0A735721B7B3C6000E0E31 /* main.m in Sources */ = {isa = PBXBuildFile; fileRef = 4F0A735621B7B3C6000E0E31 /* main.m */; };
		4F0A736A21B7B462000E0E31 /* FFDecoder.cpp in Sources */ = {isa = PBXBuildFile; fileRef = 4F0A736121B7B462000E0E31 /* FFDecoder.cpp */; };
		4F0A736B21B7B462000E0E31 /* MSPlayer.hpp in Resources */ = {isa = PBXBuildFile; fileRef = 4F0A736221B7B462000E0E31 /* MSPlayer.hpp */; };
		4F0A736C21B7B462000E0E31 /* MSMedia.hpp in Resources */ = {isa = PBXBuildFile; fileRef = 4F0A736321B7B462000E0E31 /* MSMedia.hpp */; };
		4F0A736D21B7B462000E0E31 /* MSTimer.cpp in Sources */ = {isa = PBXBuildFile; fileRef = 4F0A736421B7B462000E0E31 /* MSTimer.cpp */; };
		4F0A736E21B7B462000E0E31 /* FFEncoder.cpp in Sources */ = {isa = PBXBuildFile; fileRef = 4F0A736521B7B462000E0E31 /* FFEncoder.cpp */; };
		4F0A736F21B7B462000E0E31 /* FFCodecContext.cpp in Sources */ = {isa = PBXBuildFile; fileRef = 4F0A736721B7B462000E0E31 /* FFCodecContext.cpp */; };
		4F0A73F121B7B539000E0E31 /* libx264.a in Frameworks */ = {isa = PBXBuildFile; fileRef = 4F0A73F021B7B539000E0E31 /* libx264.a */; };
		4F0A73F821B7B544000E0E31 /* libx265.a in Frameworks */ = {isa = PBXBuildFile; fileRef = 4F0A73F721B7B544000E0E31 /* libx265.a */; };
		4F0A740621B7BC09000E0E31 /* libiconv.tbd in Frameworks */ = {isa = PBXBuildFile; fileRef = 4F0A740521B7BC09000E0E31 /* libiconv.tbd */; };
		4F0A740821B7BC4C000E0E31 /* libz.tbd in Frameworks */ = {isa = PBXBuildFile; fileRef = 4F0A740721B7BC4C000E0E31 /* libz.tbd */; };
		4F0A740B21B7C4A0000E0E31 /* MSViewController.mm in Sources */ = {isa = PBXBuildFile; fileRef = 4F0A740A21B7C4A0000E0E31 /* MSViewController.mm */; };
		4F1706A421D207BA00CE476E /* libopus.a in Frameworks */ = {isa = PBXBuildFile; fileRef = 4F1706A221D207BA00CE476E /* libopus.a */; };
		4F17071A21D3206600CE476E /* libavutil.a in Frameworks */ = {isa = PBXBuildFile; fileRef = 4F17071521D3206600CE476E /* libavutil.a */; };
		4F17071B21D3206600CE476E /* libavcodec.a in Frameworks */ = {isa = PBXBuildFile; fileRef = 4F17071621D3206600CE476E /* libavcodec.a */; };
		4F17071C21D3206600CE476E /* libavformat.a in Frameworks */ = {isa = PBXBuildFile; fileRef = 4F17071721D3206600CE476E /* libavformat.a */; };
		4F17071D21D3206600CE476E /* libswresample.a in Frameworks */ = {isa = PBXBuildFile; fileRef = 4F17071821D3206600CE476E /* libswresample.a */; };
		4F17071E21D3206600CE476E /* libswscale.a in Frameworks */ = {isa = PBXBuildFile; fileRef = 4F17071921D3206600CE476E /* libswscale.a */; };
		4F1707B821D3785800CE476E /* APCodecContext.cpp in Sources */ = {isa = PBXBuildFile; fileRef = 4F1707B621D3785800CE476E /* APCodecContext.cpp */; };
		4F1707B921D4B6BD00CE476E /* APDecoder.cpp in Sources */ = {isa = PBXBuildFile; fileRef = 4F1707B321D3639E00CE476E /* APDecoder.cpp */; };
		4F1707BA21D4B6C000CE476E /* APEncoder.cpp in Sources */ = {isa = PBXBuildFile; fileRef = 4F1707B021D3632300CE476E /* APEncoder.cpp */; };
		4F17085B21D5FC6400CE476E /* CoreMedia.framework in Frameworks */ = {isa = PBXBuildFile; fileRef = 4F17085A21D5FC6400CE476E /* CoreMedia.framework */; };
		4F17085C21D5FC8600CE476E /* VideoToolbox.framework in Frameworks */ = {isa = PBXBuildFile; fileRef = 4F17085621D5FC3F00CE476E /* VideoToolbox.framework */; };
		4F17085F21D6065D00CE476E /* MSBinary.cpp in Sources */ = {isa = PBXBuildFile; fileRef = 4F17085D21D6065D00CE476E /* MSBinary.cpp */; };
		4F1F3267222E73480022CE66 /* yuv.vsh in Resources */ = {isa = PBXBuildFile; fileRef = 4F1F3266222E73480022CE66 /* yuv.vsh */; };
		4F1F3269222E82000022CE66 /* yuv.fsh in Resources */ = {isa = PBXBuildFile; fileRef = 4F1F3268222E82000022CE66 /* yuv.fsh */; };
		4F207D11223743350098190E /* MSOpenGLES.cpp in Sources */ = {isa = PBXBuildFile; fileRef = 4F207D0F223743350098190E /* MSOpenGLES.cpp */; };
		4F65D95D222931A2008B4B3D /* APVideoRender.mm in Sources */ = {isa = PBXBuildFile; fileRef = 4F65D95C222931A2008B4B3D /* APVideoRender.mm */; };
		4F65D96022293315008B4B3D /* MSGLHanlder.cpp in Sources */ = {isa = PBXBuildFile; fileRef = 4F65D95E22293315008B4B3D /* MSGLHanlder.cpp */; };
		4F888024223F46190001CA94 /* APAudioRender.mm in Sources */ = {isa = PBXBuildFile; fileRef = 4F888023223F46190001CA94 /* APAudioRender.mm */; };
		4F8C2FAB224222C000531FB2 /* IDETemplateMacros.plist in Resources */ = {isa = PBXBuildFile; fileRef = 4F8C2FAA224222C000531FB2 /* IDETemplateMacros.plist */; };
		4F9ADF0321B7D02900862770 /* libcrypto.a in Frameworks */ = {isa = PBXBuildFile; fileRef = 4F9ADEEF21B7D02900862770 /* libcrypto.a */; };
		4F9ADF0421B7D02900862770 /* libpjlib-util.a in Frameworks */ = {isa = PBXBuildFile; fileRef = 4F9ADEF121B7D02900862770 /* libpjlib-util.a */; };
		4F9ADF0521B7D02900862770 /* libmxml.a in Frameworks */ = {isa = PBXBuildFile; fileRef = 4F9ADEF221B7D02900862770 /* libmxml.a */; };
		4F9ADF0621B7D02900862770 /* libpjlib.a in Frameworks */ = {isa = PBXBuildFile; fileRef = 4F9ADEF321B7D02900862770 /* libpjlib.a */; };
		4F9ADF0721B7D02900862770 /* libpjnath.a in Frameworks */ = {isa = PBXBuildFile; fileRef = 4F9ADEF421B7D02900862770 /* libpjnath.a */; };
		4F9ADF0821B7D02900862770 /* libaprutil-1.a in Frameworks */ = {isa = PBXBuildFile; fileRef = 4F9ADEF521B7D02900862770 /* libaprutil-1.a */; };
		4F9ADF0921B7D02900862770 /* libiotsdk_lib.a in Frameworks */ = {isa = PBXBuildFile; fileRef = 4F9ADEF821B7D02900862770 /* libiotsdk_lib.a */; };
		4F9ADF0A21B7D02900862770 /* libminiupnpc.a in Frameworks */ = {isa = PBXBuildFile; fileRef = 4F9ADEF921B7D02900862770 /* libminiupnpc.a */; };
		4F9ADF0B21B7D02900862770 /* libconn3_transport.a in Frameworks */ = {isa = PBXBuildFile; fileRef = 4F9ADEFA21B7D02900862770 /* libconn3_transport.a */; };
		4F9ADF0C21B7D02900862770 /* libjson_cpp.a in Frameworks */ = {isa = PBXBuildFile; fileRef = 4F9ADEFB21B7D02900862770 /* libjson_cpp.a */; };
		4F9ADF0D21B7D02900862770 /* libssl.a in Frameworks */ = {isa = PBXBuildFile; fileRef = 4F9ADEFD21B7D02900862770 /* libssl.a */; };
		4F9ADF0E21B7D02900862770 /* libcurl.a in Frameworks */ = {isa = PBXBuildFile; fileRef = 4F9ADEFE21B7D02900862770 /* libcurl.a */; };
		4F9ADF0F21B7D02900862770 /* libapr-1.a in Frameworks */ = {isa = PBXBuildFile; fileRef = 4F9ADEFF21B7D02900862770 /* libapr-1.a */; };
		4F9ADF1021B7D02900862770 /* liboss_c_sdk.a in Frameworks */ = {isa = PBXBuildFile; fileRef = 4F9ADF0121B7D02900862770 /* liboss_c_sdk.a */; };
		4F9ADF1121B7D02900862770 /* libcommon.a in Frameworks */ = {isa = PBXBuildFile; fileRef = 4F9ADF0221B7D02900862770 /* libcommon.a */; };
		4F9ADF1621B7D12F00862770 /* IotlibTool.m in Sources */ = {isa = PBXBuildFile; fileRef = 4F9ADF1521B7D12F00862770 /* IotlibTool.m */; };
		4FB2AA8221D0E8C500FE6A07 /* libfdk-aac.a in Frameworks */ = {isa = PBXBuildFile; fileRef = 4FB2AA7921D0E8C500FE6A07 /* libfdk-aac.a */; };
		4FB3890821F5A2E4008BE0C2 /* AudioToolbox.framework in Frameworks */ = {isa = PBXBuildFile; fileRef = 4FB3890721F5A2E4008BE0C2 /* AudioToolbox.framework */; };
		4FCF481221F05DFD0030E739 /* MSNaluParts.cpp in Sources */ = {isa = PBXBuildFile; fileRef = 4FCF481021F05DFD0030E739 /* MSNaluParts.cpp */; };
/* End PBXBuildFile section */

/* Begin PBXFileReference section */
		4F0A734421B7B3C4000E0E31 /* ios_example.app */ = {isa = PBXFileReference; explicitFileType = wrapper.application; includeInIndex = 0; path = ios_example.app; sourceTree = BUILT_PRODUCTS_DIR; };
		4F0A734721B7B3C4000E0E31 /* AppDelegate.h */ = {isa = PBXFileReference; lastKnownFileType = sourcecode.c.h; path = AppDelegate.h; sourceTree = "<group>"; };
		4F0A734821B7B3C4000E0E31 /* AppDelegate.m */ = {isa = PBXFileReference; lastKnownFileType = sourcecode.c.objc; path = AppDelegate.m; sourceTree = "<group>"; };
		4F0A734A21B7B3C4000E0E31 /* ViewController.h */ = {isa = PBXFileReference; lastKnownFileType = sourcecode.c.h; path = ViewController.h; sourceTree = "<group>"; };
		4F0A734B21B7B3C4000E0E31 /* ViewController.mm */ = {isa = PBXFileReference; lastKnownFileType = sourcecode.cpp.objcpp; path = ViewController.mm; sourceTree = "<group>"; };
		4F0A734E21B7B3C4000E0E31 /* Base */ = {isa = PBXFileReference; lastKnownFileType = file.storyboard; name = Base; path = Base.lproj/Main.storyboard; sourceTree = "<group>"; };
		4F0A735021B7B3C6000E0E31 /* Assets.xcassets */ = {isa = PBXFileReference; lastKnownFileType = folder.assetcatalog; path = Assets.xcassets; sourceTree = "<group>"; };
		4F0A735321B7B3C6000E0E31 /* Base */ = {isa = PBXFileReference; lastKnownFileType = file.storyboard; name = Base; path = Base.lproj/LaunchScreen.storyboard; sourceTree = "<group>"; };
		4F0A735521B7B3C6000E0E31 /* Info.plist */ = {isa = PBXFileReference; lastKnownFileType = text.plist.xml; path = Info.plist; sourceTree = "<group>"; };
		4F0A735621B7B3C6000E0E31 /* main.m */ = {isa = PBXFileReference; lastKnownFileType = sourcecode.c.objc; path = main.m; sourceTree = "<group>"; };
		4F0A735E21B7B462000E0E31 /* MSCodecSyncProtocol.h */ = {isa = PBXFileReference; fileEncoding = 4; lastKnownFileType = sourcecode.c.h; path = MSCodecSyncProtocol.h; sourceTree = "<group>"; };
		4F0A735F21B7B462000E0E31 /* FFCodecContext.hpp */ = {isa = PBXFileReference; fileEncoding = 4; lastKnownFileType = sourcecode.cpp.h; path = FFCodecContext.hpp; sourceTree = "<group>"; };
		4F0A736121B7B462000E0E31 /* FFDecoder.cpp */ = {isa = PBXFileReference; fileEncoding = 4; lastKnownFileType = sourcecode.cpp.cpp; path = FFDecoder.cpp; sourceTree = "<group>"; };
		4F0A736221B7B462000E0E31 /* MSPlayer.hpp */ = {isa = PBXFileReference; fileEncoding = 4; lastKnownFileType = sourcecode.cpp.h; path = MSPlayer.hpp; sourceTree = "<group>"; };
		4F0A736321B7B462000E0E31 /* MSMedia.hpp */ = {isa = PBXFileReference; fileEncoding = 4; lastKnownFileType = sourcecode.cpp.h; path = MSMedia.hpp; sourceTree = "<group>"; };
		4F0A736421B7B462000E0E31 /* MSTimer.cpp */ = {isa = PBXFileReference; fileEncoding = 4; lastKnownFileType = sourcecode.cpp.cpp; path = MSTimer.cpp; sourceTree = "<group>"; };
		4F0A736521B7B462000E0E31 /* FFEncoder.cpp */ = {isa = PBXFileReference; fileEncoding = 4; lastKnownFileType = sourcecode.cpp.cpp; path = FFEncoder.cpp; sourceTree = "<group>"; };
		4F0A736621B7B462000E0E31 /* FFEncoder.hpp */ = {isa = PBXFileReference; fileEncoding = 4; lastKnownFileType = sourcecode.cpp.h; path = FFEncoder.hpp; sourceTree = "<group>"; };
		4F0A736721B7B462000E0E31 /* FFCodecContext.cpp */ = {isa = PBXFileReference; fileEncoding = 4; lastKnownFileType = sourcecode.cpp.cpp; path = FFCodecContext.cpp; sourceTree = "<group>"; };
		4F0A736821B7B462000E0E31 /* FFDecoder.hpp */ = {isa = PBXFileReference; fileEncoding = 4; lastKnownFileType = sourcecode.cpp.h; path = FFDecoder.hpp; sourceTree = "<group>"; };
		4F0A736921B7B462000E0E31 /* MSTimer.hpp */ = {isa = PBXFileReference; fileEncoding = 4; lastKnownFileType = sourcecode.cpp.h; path = MSTimer.hpp; sourceTree = "<group>"; };
		4F0A73ED21B7B539000E0E31 /* x264_config.h */ = {isa = PBXFileReference; fileEncoding = 4; lastKnownFileType = sourcecode.c.h; path = x264_config.h; sourceTree = "<group>"; };
		4F0A73EE21B7B539000E0E31 /* x264.h */ = {isa = PBXFileReference; fileEncoding = 4; lastKnownFileType = sourcecode.c.h; path = x264.h; sourceTree = "<group>"; };
		4F0A73F021B7B539000E0E31 /* libx264.a */ = {isa = PBXFileReference; lastKnownFileType = archive.ar; path = libx264.a; sourceTree = "<group>"; };
		4F0A73F421B7B544000E0E31 /* x265.h */ = {isa = PBXFileReference; fileEncoding = 4; lastKnownFileType = sourcecode.c.h; path = x265.h; sourceTree = "<group>"; };
		4F0A73F521B7B544000E0E31 /* x265_config.h */ = {isa = PBXFileReference; fileEncoding = 4; lastKnownFileType = sourcecode.c.h; path = x265_config.h; sourceTree = "<group>"; };
		4F0A73F721B7B544000E0E31 /* libx265.a */ = {isa = PBXFileReference; lastKnownFileType = archive.ar; path = libx265.a; sourceTree = "<group>"; };
		4F0A740521B7BC09000E0E31 /* libiconv.tbd */ = {isa = PBXFileReference; lastKnownFileType = "sourcecode.text-based-dylib-definition"; name = libiconv.tbd; path = usr/lib/libiconv.tbd; sourceTree = SDKROOT; };
		4F0A740721B7BC4C000E0E31 /* libz.tbd */ = {isa = PBXFileReference; lastKnownFileType = "sourcecode.text-based-dylib-definition"; name = libz.tbd; path = usr/lib/libz.tbd; sourceTree = SDKROOT; };
		4F0A740921B7C4A0000E0E31 /* MSViewController.h */ = {isa = PBXFileReference; lastKnownFileType = sourcecode.c.h; path = MSViewController.h; sourceTree = "<group>"; };
		4F0A740A21B7C4A0000E0E31 /* MSViewController.mm */ = {isa = PBXFileReference; lastKnownFileType = sourcecode.cpp.objcpp; path = MSViewController.mm; sourceTree = "<group>"; };
		4F0E550221EF255900302D45 /* MSMacros.h */ = {isa = PBXFileReference; lastKnownFileType = sourcecode.c.h; path = MSMacros.h; sourceTree = "<group>"; };
		4F17069A21D207BA00CE476E /* opus.h */ = {isa = PBXFileReference; fileEncoding = 4; lastKnownFileType = sourcecode.c.h; path = opus.h; sourceTree = "<group>"; };
		4F17069B21D207BA00CE476E /* opus_multistream.h */ = {isa = PBXFileReference; fileEncoding = 4; lastKnownFileType = sourcecode.c.h; path = opus_multistream.h; sourceTree = "<group>"; };
		4F17069C21D207BA00CE476E /* opus_types.h */ = {isa = PBXFileReference; fileEncoding = 4; lastKnownFileType = sourcecode.c.h; path = opus_types.h; sourceTree = "<group>"; };
		4F17069D21D207BA00CE476E /* opus_defines.h */ = {isa = PBXFileReference; fileEncoding = 4; lastKnownFileType = sourcecode.c.h; path = opus_defines.h; sourceTree = "<group>"; };
		4F17069E21D207BA00CE476E /* opus_projection.h */ = {isa = PBXFileReference; fileEncoding = 4; lastKnownFileType = sourcecode.c.h; path = opus_projection.h; sourceTree = "<group>"; };
		4F1706A221D207BA00CE476E /* libopus.a */ = {isa = PBXFileReference; lastKnownFileType = archive.ar; path = libopus.a; sourceTree = "<group>"; };
		4F1706A821D3206500CE476E /* hwcontext.h */ = {isa = PBXFileReference; fileEncoding = 4; lastKnownFileType = sourcecode.c.h; path = hwcontext.h; sourceTree = "<group>"; };
		4F1706A921D3206500CE476E /* time.h */ = {isa = PBXFileReference; fileEncoding = 4; lastKnownFileType = sourcecode.c.h; path = time.h; sourceTree = "<group>"; };
		4F1706AA21D3206500CE476E /* hwcontext_cuda.h */ = {isa = PBXFileReference; fileEncoding = 4; lastKnownFileType = sourcecode.c.h; path = hwcontext_cuda.h; sourceTree = "<group>"; };
		4F1706AB21D3206500CE476E /* intfloat.h */ = {isa = PBXFileReference; fileEncoding = 4; lastKnownFileType = sourcecode.c.h; path = intfloat.h; sourceTree = "<group>"; };
		4F1706AC21D3206500CE476E /* error.h */ = {isa = PBXFileReference; fileEncoding = 4; lastKnownFileType = sourcecode.c.h; path = error.h; sourceTree = "<group>"; };
		4F1706AD21D3206500CE476E /* fifo.h */ = {isa = PBXFileReference; fileEncoding = 4; lastKnownFileType = sourcecode.c.h; path = fifo.h; sourceTree = "<group>"; };
		4F1706AE21D3206500CE476E /* blowfish.h */ = {isa = PBXFileReference; fileEncoding = 4; lastKnownFileType = sourcecode.c.h; path = blowfish.h; sourceTree = "<group>"; };
		4F1706AF21D3206500CE476E /* hwcontext_mediacodec.h */ = {isa = PBXFileReference; fileEncoding = 4; lastKnownFileType = sourcecode.c.h; path = hwcontext_mediacodec.h; sourceTree = "<group>"; };
		4F1706B021D3206500CE476E /* replaygain.h */ = {isa = PBXFileReference; fileEncoding = 4; lastKnownFileType = sourcecode.c.h; path = replaygain.h; sourceTree = "<group>"; };
		4F1706B121D3206500CE476E /* version.h */ = {isa = PBXFileReference; fileEncoding = 4; lastKnownFileType = sourcecode.c.h; path = version.h; sourceTree = "<group>"; };
		4F1706B221D3206500CE476E /* murmur3.h */ = {isa = PBXFileReference; fileEncoding = 4; lastKnownFileType = sourcecode.c.h; path = murmur3.h; sourceTree = "<group>"; };
		4F1706B321D3206500CE476E /* stereo3d.h */ = {isa = PBXFileReference; fileEncoding = 4; lastKnownFileType = sourcecode.c.h; path = stereo3d.h; sourceTree = "<group>"; };
		4F1706B421D3206500CE476E /* samplefmt.h */ = {isa = PBXFileReference; fileEncoding = 4; lastKnownFileType = sourcecode.c.h; path = samplefmt.h; sourceTree = "<group>"; };
		4F1706B521D3206500CE476E /* pixdesc.h */ = {isa = PBXFileReference; fileEncoding = 4; lastKnownFileType = sourcecode.c.h; path = pixdesc.h; sourceTree = "<group>"; };
		4F1706B621D3206500CE476E /* base64.h */ = {isa = PBXFileReference; fileEncoding = 4; lastKnownFileType = sourcecode.c.h; path = base64.h; sourceTree = "<group>"; };
		4F1706B721D3206500CE476E /* rational.h */ = {isa = PBXFileReference; fileEncoding = 4; lastKnownFileType = sourcecode.c.h; path = rational.h; sourceTree = "<group>"; };
		4F1706B821D3206500CE476E /* sha.h */ = {isa = PBXFileReference; fileEncoding = 4; lastKnownFileType = sourcecode.c.h; path = sha.h; sourceTree = "<group>"; };
		4F1706B921D3206500CE476E /* motion_vector.h */ = {isa = PBXFileReference; fileEncoding = 4; lastKnownFileType = sourcecode.c.h; path = motion_vector.h; sourceTree = "<group>"; };
		4F1706BA21D3206500CE476E /* avconfig.h */ = {isa = PBXFileReference; fileEncoding = 4; lastKnownFileType = sourcecode.c.h; path = avconfig.h; sourceTree = "<group>"; };
		4F1706BB21D3206500CE476E /* lfg.h */ = {isa = PBXFileReference; fileEncoding = 4; lastKnownFileType = sourcecode.c.h; path = lfg.h; sourceTree = "<group>"; };
		4F1706BC21D3206500CE476E /* avutil.h */ = {isa = PBXFileReference; fileEncoding = 4; lastKnownFileType = sourcecode.c.h; path = avutil.h; sourceTree = "<group>"; };
		4F1706BD21D3206500CE476E /* xtea.h */ = {isa = PBXFileReference; fileEncoding = 4; lastKnownFileType = sourcecode.c.h; path = xtea.h; sourceTree = "<group>"; };
		4F1706BE21D3206500CE476E /* crc.h */ = {isa = PBXFileReference; fileEncoding = 4; lastKnownFileType = sourcecode.c.h; path = crc.h; sourceTree = "<group>"; };
		4F1706BF21D3206500CE476E /* hwcontext_vdpau.h */ = {isa = PBXFileReference; fileEncoding = 4; lastKnownFileType = sourcecode.c.h; path = hwcontext_vdpau.h; sourceTree = "<group>"; };
		4F1706C021D3206500CE476E /* frame.h */ = {isa = PBXFileReference; fileEncoding = 4; lastKnownFileType = sourcecode.c.h; path = frame.h; sourceTree = "<group>"; };
		4F1706C121D3206500CE476E /* file.h */ = {isa = PBXFileReference; fileEncoding = 4; lastKnownFileType = sourcecode.c.h; path = file.h; sourceTree = "<group>"; };
		4F1706C221D3206500CE476E /* md5.h */ = {isa = PBXFileReference; fileEncoding = 4; lastKnownFileType = sourcecode.c.h; path = md5.h; sourceTree = "<group>"; };
		4F1706C321D3206500CE476E /* cast5.h */ = {isa = PBXFileReference; fileEncoding = 4; lastKnownFileType = sourcecode.c.h; path = cast5.h; sourceTree = "<group>"; };
		4F1706C421D3206500CE476E /* hwcontext_vaapi.h */ = {isa = PBXFileReference; fileEncoding = 4; lastKnownFileType = sourcecode.c.h; path = hwcontext_vaapi.h; sourceTree = "<group>"; };
		4F1706C521D3206500CE476E /* spherical.h */ = {isa = PBXFileReference; fileEncoding = 4; lastKnownFileType = sourcecode.c.h; path = spherical.h; sourceTree = "<group>"; };
		4F1706C621D3206500CE476E /* ffversion.h */ = {isa = PBXFileReference; fileEncoding = 4; lastKnownFileType = sourcecode.c.h; path = ffversion.h; sourceTree = "<group>"; };
		4F1706C721D3206500CE476E /* audio_fifo.h */ = {isa = PBXFileReference; fileEncoding = 4; lastKnownFileType = sourcecode.c.h; path = audio_fifo.h; sourceTree = "<group>"; };
		4F1706C821D3206500CE476E /* tree.h */ = {isa = PBXFileReference; fileEncoding = 4; lastKnownFileType = sourcecode.c.h; path = tree.h; sourceTree = "<group>"; };
		4F1706C921D3206500CE476E /* threadmessage.h */ = {isa = PBXFileReference; fileEncoding = 4; lastKnownFileType = sourcecode.c.h; path = threadmessage.h; sourceTree = "<group>"; };
		4F1706CA21D3206500CE476E /* attributes.h */ = {isa = PBXFileReference; fileEncoding = 4; lastKnownFileType = sourcecode.c.h; path = attributes.h; sourceTree = "<group>"; };
		4F1706CB21D3206500CE476E /* adler32.h */ = {isa = PBXFileReference; fileEncoding = 4; lastKnownFileType = sourcecode.c.h; path = adler32.h; sourceTree = "<group>"; };
		4F1706CC21D3206500CE476E /* hwcontext_d3d11va.h */ = {isa = PBXFileReference; fileEncoding = 4; lastKnownFileType = sourcecode.c.h; path = hwcontext_d3d11va.h; sourceTree = "<group>"; };
		4F1706CD21D3206500CE476E /* timecode.h */ = {isa = PBXFileReference; fileEncoding = 4; lastKnownFileType = sourcecode.c.h; path = timecode.h; sourceTree = "<group>"; };
		4F1706CE21D3206500CE476E /* sha512.h */ = {isa = PBXFileReference; fileEncoding = 4; lastKnownFileType = sourcecode.c.h; path = sha512.h; sourceTree = "<group>"; };
		4F1706CF21D3206500CE476E /* hwcontext_dxva2.h */ = {isa = PBXFileReference; fileEncoding = 4; lastKnownFileType = sourcecode.c.h; path = hwcontext_dxva2.h; sourceTree = "<group>"; };
		4F1706D021D3206500CE476E /* display.h */ = {isa = PBXFileReference; fileEncoding = 4; lastKnownFileType = sourcecode.c.h; path = display.h; sourceTree = "<group>"; };
		4F1706D121D3206500CE476E /* buffer.h */ = {isa = PBXFileReference; fileEncoding = 4; lastKnownFileType = sourcecode.c.h; path = buffer.h; sourceTree = "<group>"; };
		4F1706D221D3206500CE476E /* camellia.h */ = {isa = PBXFileReference; fileEncoding = 4; lastKnownFileType = sourcecode.c.h; path = camellia.h; sourceTree = "<group>"; };
		4F1706D321D3206500CE476E /* pixelutils.h */ = {isa = PBXFileReference; fileEncoding = 4; lastKnownFileType = sourcecode.c.h; path = pixelutils.h; sourceTree = "<group>"; };
		4F1706D421D3206500CE476E /* hwcontext_drm.h */ = {isa = PBXFileReference; fileEncoding = 4; lastKnownFileType = sourcecode.c.h; path = hwcontext_drm.h; sourceTree = "<group>"; };
		4F1706D521D3206500CE476E /* common.h */ = {isa = PBXFileReference; fileEncoding = 4; lastKnownFileType = sourcecode.c.h; path = common.h; sourceTree = "<group>"; };
		4F1706D621D3206500CE476E /* hmac.h */ = {isa = PBXFileReference; fileEncoding = 4; lastKnownFileType = sourcecode.c.h; path = hmac.h; sourceTree = "<group>"; };
		4F1706D721D3206500CE476E /* eval.h */ = {isa = PBXFileReference; fileEncoding = 4; lastKnownFileType = sourcecode.c.h; path = eval.h; sourceTree = "<group>"; };
		4F1706D821D3206500CE476E /* dict.h */ = {isa = PBXFileReference; fileEncoding = 4; lastKnownFileType = sourcecode.c.h; path = dict.h; sourceTree = "<group>"; };
		4F1706D921D3206500CE476E /* random_seed.h */ = {isa = PBXFileReference; fileEncoding = 4; lastKnownFileType = sourcecode.c.h; path = random_seed.h; sourceTree = "<group>"; };
		4F1706DA21D3206500CE476E /* opt.h */ = {isa = PBXFileReference; fileEncoding = 4; lastKnownFileType = sourcecode.c.h; path = opt.h; sourceTree = "<group>"; };
		4F1706DB21D3206500CE476E /* mastering_display_metadata.h */ = {isa = PBXFileReference; fileEncoding = 4; lastKnownFileType = sourcecode.c.h; path = mastering_display_metadata.h; sourceTree = "<group>"; };
		4F1706DC21D3206500CE476E /* log.h */ = {isa = PBXFileReference; fileEncoding = 4; lastKnownFileType = sourcecode.c.h; path = log.h; sourceTree = "<group>"; };
		4F1706DD21D3206500CE476E /* aes.h */ = {isa = PBXFileReference; fileEncoding = 4; lastKnownFileType = sourcecode.c.h; path = aes.h; sourceTree = "<group>"; };
		4F1706DE21D3206500CE476E /* macros.h */ = {isa = PBXFileReference; fileEncoding = 4; lastKnownFileType = sourcecode.c.h; path = macros.h; sourceTree = "<group>"; };
		4F1706DF21D3206500CE476E /* bswap.h */ = {isa = PBXFileReference; fileEncoding = 4; lastKnownFileType = sourcecode.c.h; path = bswap.h; sourceTree = "<group>"; };
		4F1706E021D3206500CE476E /* rc4.h */ = {isa = PBXFileReference; fileEncoding = 4; lastKnownFileType = sourcecode.c.h; path = rc4.h; sourceTree = "<group>"; };
		4F1706E121D3206500CE476E /* tea.h */ = {isa = PBXFileReference; fileEncoding = 4; lastKnownFileType = sourcecode.c.h; path = tea.h; sourceTree = "<group>"; };
		4F1706E221D3206500CE476E /* cpu.h */ = {isa = PBXFileReference; fileEncoding = 4; lastKnownFileType = sourcecode.c.h; path = cpu.h; sourceTree = "<group>"; };
		4F1706E321D3206500CE476E /* des.h */ = {isa = PBXFileReference; fileEncoding = 4; lastKnownFileType = sourcecode.c.h; path = des.h; sourceTree = "<group>"; };
		4F1706E421D3206500CE476E /* channel_layout.h */ = {isa = PBXFileReference; fileEncoding = 4; lastKnownFileType = sourcecode.c.h; path = channel_layout.h; sourceTree = "<group>"; };
		4F1706E521D3206500CE476E /* encryption_info.h */ = {isa = PBXFileReference; fileEncoding = 4; lastKnownFileType = sourcecode.c.h; path = encryption_info.h; sourceTree = "<group>"; };
		4F1706E621D3206500CE476E /* twofish.h */ = {isa = PBXFileReference; fileEncoding = 4; lastKnownFileType = sourcecode.c.h; path = twofish.h; sourceTree = "<group>"; };
		4F1706E721D3206500CE476E /* imgutils.h */ = {isa = PBXFileReference; fileEncoding = 4; lastKnownFileType = sourcecode.c.h; path = imgutils.h; sourceTree = "<group>"; };
		4F1706E821D3206500CE476E /* hwcontext_videotoolbox.h */ = {isa = PBXFileReference; fileEncoding = 4; lastKnownFileType = sourcecode.c.h; path = hwcontext_videotoolbox.h; sourceTree = "<group>"; };
		4F1706E921D3206500CE476E /* mem.h */ = {isa = PBXFileReference; fileEncoding = 4; lastKnownFileType = sourcecode.c.h; path = mem.h; sourceTree = "<group>"; };
		4F1706EA21D3206500CE476E /* parseutils.h */ = {isa = PBXFileReference; fileEncoding = 4; lastKnownFileType = sourcecode.c.h; path = parseutils.h; sourceTree = "<group>"; };
		4F1706EB21D3206500CE476E /* ripemd.h */ = {isa = PBXFileReference; fileEncoding = 4; lastKnownFileType = sourcecode.c.h; path = ripemd.h; sourceTree = "<group>"; };
		4F1706EC21D3206500CE476E /* bprint.h */ = {isa = PBXFileReference; fileEncoding = 4; lastKnownFileType = sourcecode.c.h; path = bprint.h; sourceTree = "<group>"; };
		4F1706ED21D3206500CE476E /* hwcontext_qsv.h */ = {isa = PBXFileReference; fileEncoding = 4; lastKnownFileType = sourcecode.c.h; path = hwcontext_qsv.h; sourceTree = "<group>"; };
		4F1706EE21D3206500CE476E /* pixfmt.h */ = {isa = PBXFileReference; fileEncoding = 4; lastKnownFileType = sourcecode.c.h; path = pixfmt.h; sourceTree = "<group>"; };
		4F1706EF21D3206500CE476E /* aes_ctr.h */ = {isa = PBXFileReference; fileEncoding = 4; lastKnownFileType = sourcecode.c.h; path = aes_ctr.h; sourceTree = "<group>"; };
		4F1706F021D3206500CE476E /* timestamp.h */ = {isa = PBXFileReference; fileEncoding = 4; lastKnownFileType = sourcecode.c.h; path = timestamp.h; sourceTree = "<group>"; };
		4F1706F121D3206500CE476E /* downmix_info.h */ = {isa = PBXFileReference; fileEncoding = 4; lastKnownFileType = sourcecode.c.h; path = downmix_info.h; sourceTree = "<group>"; };
		4F1706F221D3206500CE476E /* avassert.h */ = {isa = PBXFileReference; fileEncoding = 4; lastKnownFileType = sourcecode.c.h; path = avassert.h; sourceTree = "<group>"; };
		4F1706F321D3206500CE476E /* hash.h */ = {isa = PBXFileReference; fileEncoding = 4; lastKnownFileType = sourcecode.c.h; path = hash.h; sourceTree = "<group>"; };
		4F1706F421D3206500CE476E /* mathematics.h */ = {isa = PBXFileReference; fileEncoding = 4; lastKnownFileType = sourcecode.c.h; path = mathematics.h; sourceTree = "<group>"; };
		4F1706F521D3206500CE476E /* intreadwrite.h */ = {isa = PBXFileReference; fileEncoding = 4; lastKnownFileType = sourcecode.c.h; path = intreadwrite.h; sourceTree = "<group>"; };
		4F1706F621D3206500CE476E /* avstring.h */ = {isa = PBXFileReference; fileEncoding = 4; lastKnownFileType = sourcecode.c.h; path = avstring.h; sourceTree = "<group>"; };
		4F1706F821D3206500CE476E /* version.h */ = {isa = PBXFileReference; fileEncoding = 4; lastKnownFileType = sourcecode.c.h; path = version.h; sourceTree = "<group>"; };
		4F1706F921D3206500CE476E /* avio.h */ = {isa = PBXFileReference; fileEncoding = 4; lastKnownFileType = sourcecode.c.h; path = avio.h; sourceTree = "<group>"; };
		4F1706FA21D3206500CE476E /* avformat.h */ = {isa = PBXFileReference; fileEncoding = 4; lastKnownFileType = sourcecode.c.h; path = avformat.h; sourceTree = "<group>"; };
		4F1706FC21D3206500CE476E /* version.h */ = {isa = PBXFileReference; fileEncoding = 4; lastKnownFileType = sourcecode.c.h; path = version.h; sourceTree = "<group>"; };
		4F1706FD21D3206500CE476E /* swscale.h */ = {isa = PBXFileReference; fileEncoding = 4; lastKnownFileType = sourcecode.c.h; path = swscale.h; sourceTree = "<group>"; };
		4F1706FF21D3206500CE476E /* adts_parser.h */ = {isa = PBXFileReference; fileEncoding = 4; lastKnownFileType = sourcecode.c.h; path = adts_parser.h; sourceTree = "<group>"; };
		4F17070021D3206500CE476E /* avcodec.h */ = {isa = PBXFileReference; fileEncoding = 4; lastKnownFileType = sourcecode.c.h; path = avcodec.h; sourceTree = "<group>"; };
		4F17070121D3206500CE476E /* version.h */ = {isa = PBXFileReference; fileEncoding = 4; lastKnownFileType = sourcecode.c.h; path = version.h; sourceTree = "<group>"; };
		4F17070221D3206500CE476E /* vdpau.h */ = {isa = PBXFileReference; fileEncoding = 4; lastKnownFileType = sourcecode.c.h; path = vdpau.h; sourceTree = "<group>"; };
		4F17070321D3206500CE476E /* qsv.h */ = {isa = PBXFileReference; fileEncoding = 4; lastKnownFileType = sourcecode.c.h; path = qsv.h; sourceTree = "<group>"; };
		4F17070421D3206500CE476E /* vaapi.h */ = {isa = PBXFileReference; fileEncoding = 4; lastKnownFileType = sourcecode.c.h; path = vaapi.h; sourceTree = "<group>"; };
		4F17070521D3206500CE476E /* videotoolbox.h */ = {isa = PBXFileReference; fileEncoding = 4; lastKnownFileType = sourcecode.c.h; path = videotoolbox.h; sourceTree = "<group>"; };
		4F17070621D3206500CE476E /* xvmc.h */ = {isa = PBXFileReference; fileEncoding = 4; lastKnownFileType = sourcecode.c.h; path = xvmc.h; sourceTree = "<group>"; };
		4F17070721D3206500CE476E /* mediacodec.h */ = {isa = PBXFileReference; fileEncoding = 4; lastKnownFileType = sourcecode.c.h; path = mediacodec.h; sourceTree = "<group>"; };
		4F17070821D3206500CE476E /* d3d11va.h */ = {isa = PBXFileReference; fileEncoding = 4; lastKnownFileType = sourcecode.c.h; path = d3d11va.h; sourceTree = "<group>"; };
		4F17070921D3206500CE476E /* avfft.h */ = {isa = PBXFileReference; fileEncoding = 4; lastKnownFileType = sourcecode.c.h; path = avfft.h; sourceTree = "<group>"; };
		4F17070A21D3206500CE476E /* jni.h */ = {isa = PBXFileReference; fileEncoding = 4; lastKnownFileType = sourcecode.c.h; path = jni.h; sourceTree = "<group>"; };
		4F17070B21D3206500CE476E /* dirac.h */ = {isa = PBXFileReference; fileEncoding = 4; lastKnownFileType = sourcecode.c.h; path = dirac.h; sourceTree = "<group>"; };
		4F17070C21D3206500CE476E /* avdct.h */ = {isa = PBXFileReference; fileEncoding = 4; lastKnownFileType = sourcecode.c.h; path = avdct.h; sourceTree = "<group>"; };
		4F17070D21D3206500CE476E /* ac3_parser.h */ = {isa = PBXFileReference; fileEncoding = 4; lastKnownFileType = sourcecode.c.h; path = ac3_parser.h; sourceTree = "<group>"; };
		4F17070E21D3206500CE476E /* vorbis_parser.h */ = {isa = PBXFileReference; fileEncoding = 4; lastKnownFileType = sourcecode.c.h; path = vorbis_parser.h; sourceTree = "<group>"; };
		4F17070F21D3206500CE476E /* dxva2.h */ = {isa = PBXFileReference; fileEncoding = 4; lastKnownFileType = sourcecode.c.h; path = dxva2.h; sourceTree = "<group>"; };
		4F17071021D3206500CE476E /* dv_profile.h */ = {isa = PBXFileReference; fileEncoding = 4; lastKnownFileType = sourcecode.c.h; path = dv_profile.h; sourceTree = "<group>"; };
		4F17071221D3206500CE476E /* version.h */ = {isa = PBXFileReference; fileEncoding = 4; lastKnownFileType = sourcecode.c.h; path = version.h; sourceTree = "<group>"; };
		4F17071321D3206500CE476E /* swresample.h */ = {isa = PBXFileReference; fileEncoding = 4; lastKnownFileType = sourcecode.c.h; path = swresample.h; sourceTree = "<group>"; };
		4F17071521D3206600CE476E /* libavutil.a */ = {isa = PBXFileReference; lastKnownFileType = archive.ar; path = libavutil.a; sourceTree = "<group>"; };
		4F17071621D3206600CE476E /* libavcodec.a */ = {isa = PBXFileReference; lastKnownFileType = archive.ar; path = libavcodec.a; sourceTree = "<group>"; };
		4F17071721D3206600CE476E /* libavformat.a */ = {isa = PBXFileReference; lastKnownFileType = archive.ar; path = libavformat.a; sourceTree = "<group>"; };
		4F17071821D3206600CE476E /* libswresample.a */ = {isa = PBXFileReference; lastKnownFileType = archive.ar; path = libswresample.a; sourceTree = "<group>"; };
		4F17071921D3206600CE476E /* libswscale.a */ = {isa = PBXFileReference; lastKnownFileType = archive.ar; path = libswscale.a; sourceTree = "<group>"; };
		4F1707B021D3632300CE476E /* APEncoder.cpp */ = {isa = PBXFileReference; lastKnownFileType = sourcecode.cpp.cpp; path = APEncoder.cpp; sourceTree = "<group>"; };
		4F1707B121D3632300CE476E /* APEncoder.hpp */ = {isa = PBXFileReference; lastKnownFileType = sourcecode.cpp.h; path = APEncoder.hpp; sourceTree = "<group>"; };
		4F1707B321D3639E00CE476E /* APDecoder.cpp */ = {isa = PBXFileReference; lastKnownFileType = sourcecode.cpp.cpp; path = APDecoder.cpp; sourceTree = "<group>"; };
		4F1707B421D3639E00CE476E /* APDecoder.hpp */ = {isa = PBXFileReference; lastKnownFileType = sourcecode.cpp.h; path = APDecoder.hpp; sourceTree = "<group>"; };
		4F1707B621D3785800CE476E /* APCodecContext.cpp */ = {isa = PBXFileReference; lastKnownFileType = sourcecode.cpp.cpp; path = APCodecContext.cpp; sourceTree = "<group>"; };
		4F1707B721D3785800CE476E /* APCodecContext.hpp */ = {isa = PBXFileReference; lastKnownFileType = sourcecode.cpp.h; path = APCodecContext.hpp; sourceTree = "<group>"; };
		4F17085621D5FC3F00CE476E /* VideoToolbox.framework */ = {isa = PBXFileReference; lastKnownFileType = wrapper.framework; name = VideoToolbox.framework; path = System/Library/Frameworks/VideoToolbox.framework; sourceTree = SDKROOT; };
		4F17085821D5FC5300CE476E /* MediaToolbox.framework */ = {isa = PBXFileReference; lastKnownFileType = wrapper.framework; name = MediaToolbox.framework; path = System/Library/Frameworks/MediaToolbox.framework; sourceTree = SDKROOT; };
		4F17085A21D5FC6400CE476E /* CoreMedia.framework */ = {isa = PBXFileReference; lastKnownFileType = wrapper.framework; name = CoreMedia.framework; path = System/Library/Frameworks/CoreMedia.framework; sourceTree = SDKROOT; };
		4F17085D21D6065D00CE476E /* MSBinary.cpp */ = {isa = PBXFileReference; lastKnownFileType = sourcecode.cpp.cpp; path = MSBinary.cpp; sourceTree = "<group>"; };
		4F17085E21D6065D00CE476E /* MSBinary.hpp */ = {isa = PBXFileReference; lastKnownFileType = sourcecode.cpp.h; path = MSBinary.hpp; sourceTree = "<group>"; };
		4F1DA55E21CCE5D6000EFE53 /* transcoding.c */ = {isa = PBXFileReference; fileEncoding = 4; lastKnownFileType = sourcecode.c.c; path = transcoding.c; sourceTree = "<group>"; };
		4F1F3266222E73480022CE66 /* yuv.vsh */ = {isa = PBXFileReference; lastKnownFileType = sourcecode.glsl; path = yuv.vsh; sourceTree = "<group>"; };
		4F1F3268222E82000022CE66 /* yuv.fsh */ = {isa = PBXFileReference; lastKnownFileType = sourcecode.glsl; path = yuv.fsh; sourceTree = "<group>"; };
		4F1F32742230FD9C0022CE66 /* OpenGLES.framework */ = {isa = PBXFileReference; lastKnownFileType = wrapper.framework; name = OpenGLES.framework; path = System/Library/Frameworks/OpenGLES.framework; sourceTree = SDKROOT; };
		4F207D0F223743350098190E /* MSOpenGLES.cpp */ = {isa = PBXFileReference; lastKnownFileType = sourcecode.cpp.cpp; path = MSOpenGLES.cpp; sourceTree = "<group>"; };
		4F207D10223743350098190E /* MSOpenGLES.hpp */ = {isa = PBXFileReference; lastKnownFileType = sourcecode.cpp.h; path = MSOpenGLES.hpp; sourceTree = "<group>"; };
		4F226DA8221E35F9006A1046 /* CoreAudio.framework */ = {isa = PBXFileReference; lastKnownFileType = wrapper.framework; name = CoreAudio.framework; path = System/Library/Frameworks/CoreAudio.framework; sourceTree = SDKROOT; };
		4F65D95B222931A2008B4B3D /* APVideoRender.h */ = {isa = PBXFileReference; lastKnownFileType = sourcecode.c.h; path = APVideoRender.h; sourceTree = "<group>"; };
		4F65D95C222931A2008B4B3D /* APVideoRender.mm */ = {isa = PBXFileReference; lastKnownFileType = sourcecode.cpp.objcpp; path = APVideoRender.mm; sourceTree = "<group>"; };
		4F65D95E22293315008B4B3D /* MSGLHanlder.cpp */ = {isa = PBXFileReference; lastKnownFileType = sourcecode.cpp.cpp; path = MSGLHanlder.cpp; sourceTree = "<group>"; };
		4F65D95F22293315008B4B3D /* MSGLHanlder.hpp */ = {isa = PBXFileReference; lastKnownFileType = sourcecode.cpp.h; path = MSGLHanlder.hpp; sourceTree = "<group>"; };
		4F81B868221D56A100385B2B /* MediaStreamPlayer.h */ = {isa = PBXFileReference; lastKnownFileType = sourcecode.c.h; path = MediaStreamPlayer.h; sourceTree = "<group>"; };
		4F888022223F46190001CA94 /* APAudioRender.h */ = {isa = PBXFileReference; lastKnownFileType = sourcecode.c.h; path = APAudioRender.h; sourceTree = "<group>"; };
		4F888023223F46190001CA94 /* APAudioRender.mm */ = {isa = PBXFileReference; lastKnownFileType = sourcecode.cpp.objcpp; path = APAudioRender.mm; sourceTree = "<group>"; };
		4F8C2FAA224222C000531FB2 /* IDETemplateMacros.plist */ = {isa = PBXFileReference; fileEncoding = 4; lastKnownFileType = text.plist.xml; name = IDETemplateMacros.plist; path = ios_example.xcodeproj/project.xcworkspace/xcshareddata/IDETemplateMacros.plist; sourceTree = SOURCE_ROOT; };
		4F9ADEEF21B7D02900862770 /* libcrypto.a */ = {isa = PBXFileReference; lastKnownFileType = archive.ar; path = libcrypto.a; sourceTree = "<group>"; };
		4F9ADEF021B7D02900862770 /* iot_comm.pb.h */ = {isa = PBXFileReference; fileEncoding = 4; lastKnownFileType = sourcecode.c.h; path = iot_comm.pb.h; sourceTree = "<group>"; };
		4F9ADEF121B7D02900862770 /* libpjlib-util.a */ = {isa = PBXFileReference; lastKnownFileType = archive.ar; path = "libpjlib-util.a"; sourceTree = "<group>"; };
		4F9ADEF221B7D02900862770 /* libmxml.a */ = {isa = PBXFileReference; lastKnownFileType = archive.ar; path = libmxml.a; sourceTree = "<group>"; };
		4F9ADEF321B7D02900862770 /* libpjlib.a */ = {isa = PBXFileReference; lastKnownFileType = archive.ar; path = libpjlib.a; sourceTree = "<group>"; };
		4F9ADEF421B7D02900862770 /* libpjnath.a */ = {isa = PBXFileReference; lastKnownFileType = archive.ar; path = libpjnath.a; sourceTree = "<group>"; };
		4F9ADEF521B7D02900862770 /* libaprutil-1.a */ = {isa = PBXFileReference; lastKnownFileType = archive.ar; path = "libaprutil-1.a"; sourceTree = "<group>"; };
		4F9ADEF621B7D02900862770 /* header_def.h */ = {isa = PBXFileReference; fileEncoding = 4; lastKnownFileType = sourcecode.c.h; path = header_def.h; sourceTree = "<group>"; };
		4F9ADEF721B7D02900862770 /* iot_dev_sdk.h */ = {isa = PBXFileReference; fileEncoding = 4; lastKnownFileType = sourcecode.c.h; path = iot_dev_sdk.h; sourceTree = "<group>"; };
		4F9ADEF821B7D02900862770 /* libiotsdk_lib.a */ = {isa = PBXFileReference; lastKnownFileType = archive.ar; path = libiotsdk_lib.a; sourceTree = "<group>"; };
		4F9ADEF921B7D02900862770 /* libminiupnpc.a */ = {isa = PBXFileReference; lastKnownFileType = archive.ar; path = libminiupnpc.a; sourceTree = "<group>"; };
		4F9ADEFA21B7D02900862770 /* libconn3_transport.a */ = {isa = PBXFileReference; lastKnownFileType = archive.ar; path = libconn3_transport.a; sourceTree = "<group>"; };
		4F9ADEFB21B7D02900862770 /* libjson_cpp.a */ = {isa = PBXFileReference; lastKnownFileType = archive.ar; path = libjson_cpp.a; sourceTree = "<group>"; };
		4F9ADEFC21B7D02900862770 /* iotsdk_if.h */ = {isa = PBXFileReference; fileEncoding = 4; lastKnownFileType = sourcecode.c.h; path = iotsdk_if.h; sourceTree = "<group>"; };
		4F9ADEFD21B7D02900862770 /* libssl.a */ = {isa = PBXFileReference; lastKnownFileType = archive.ar; path = libssl.a; sourceTree = "<group>"; };
		4F9ADEFE21B7D02900862770 /* libcurl.a */ = {isa = PBXFileReference; lastKnownFileType = archive.ar; path = libcurl.a; sourceTree = "<group>"; };
		4F9ADEFF21B7D02900862770 /* libapr-1.a */ = {isa = PBXFileReference; lastKnownFileType = archive.ar; path = "libapr-1.a"; sourceTree = "<group>"; };
		4F9ADF0021B7D02900862770 /* pb.h */ = {isa = PBXFileReference; fileEncoding = 4; lastKnownFileType = sourcecode.c.h; path = pb.h; sourceTree = "<group>"; };
		4F9ADF0121B7D02900862770 /* liboss_c_sdk.a */ = {isa = PBXFileReference; lastKnownFileType = archive.ar; path = liboss_c_sdk.a; sourceTree = "<group>"; };
		4F9ADF0221B7D02900862770 /* libcommon.a */ = {isa = PBXFileReference; lastKnownFileType = archive.ar; path = libcommon.a; sourceTree = "<group>"; };
		4F9ADF1421B7D12F00862770 /* IotlibTool.h */ = {isa = PBXFileReference; fileEncoding = 4; lastKnownFileType = sourcecode.c.h; path = IotlibTool.h; sourceTree = "<group>"; };
		4F9ADF1521B7D12F00862770 /* IotlibTool.m */ = {isa = PBXFileReference; fileEncoding = 4; lastKnownFileType = sourcecode.c.objc; path = IotlibTool.m; sourceTree = "<group>"; };
		4FB2AA7921D0E8C500FE6A07 /* libfdk-aac.a */ = {isa = PBXFileReference; lastKnownFileType = archive.ar; path = "libfdk-aac.a"; sourceTree = "<group>"; };
		4FB2AA7C21D0E8C500FE6A07 /* syslib_channelMapDescr.h */ = {isa = PBXFileReference; fileEncoding = 4; lastKnownFileType = sourcecode.c.h; path = syslib_channelMapDescr.h; sourceTree = "<group>"; };
		4FB2AA7D21D0E8C500FE6A07 /* aacdecoder_lib.h */ = {isa = PBXFileReference; fileEncoding = 4; lastKnownFileType = sourcecode.c.h; path = aacdecoder_lib.h; sourceTree = "<group>"; };
		4FB2AA7E21D0E8C500FE6A07 /* machine_type.h */ = {isa = PBXFileReference; fileEncoding = 4; lastKnownFileType = sourcecode.c.h; path = machine_type.h; sourceTree = "<group>"; };
		4FB2AA7F21D0E8C500FE6A07 /* aacenc_lib.h */ = {isa = PBXFileReference; fileEncoding = 4; lastKnownFileType = sourcecode.c.h; path = aacenc_lib.h; sourceTree = "<group>"; };
		4FB2AA8021D0E8C500FE6A07 /* genericStds.h */ = {isa = PBXFileReference; fileEncoding = 4; lastKnownFileType = sourcecode.c.h; path = genericStds.h; sourceTree = "<group>"; };
		4FB2AA8121D0E8C500FE6A07 /* FDK_audio.h */ = {isa = PBXFileReference; fileEncoding = 4; lastKnownFileType = sourcecode.c.h; path = FDK_audio.h; sourceTree = "<group>"; };
		4FB3890721F5A2E4008BE0C2 /* AudioToolbox.framework */ = {isa = PBXFileReference; lastKnownFileType = wrapper.framework; name = AudioToolbox.framework; path = System/Library/Frameworks/AudioToolbox.framework; sourceTree = SDKROOT; };
		4FCF481021F05DFD0030E739 /* MSNaluParts.cpp */ = {isa = PBXFileReference; lastKnownFileType = sourcecode.cpp.cpp; path = MSNaluParts.cpp; sourceTree = "<group>"; };
		4FCF481121F05DFD0030E739 /* MSNaluParts.hpp */ = {isa = PBXFileReference; lastKnownFileType = sourcecode.cpp.h; path = MSNaluParts.hpp; sourceTree = "<group>"; };
		4FF055DD21DC53AD00339CDF /* MSAsynDataReceiver.h */ = {isa = PBXFileReference; lastKnownFileType = sourcecode.c.h; path = MSAsynDataReceiver.h; sourceTree = "<group>"; };
		4FF055DF21DC936700339CDF /* MSCodecAsynProtocol.h */ = {isa = PBXFileReference; lastKnownFileType = sourcecode.c.h; path = MSCodecAsynProtocol.h; sourceTree = "<group>"; };
/* End PBXFileReference section */

/* Begin PBXFrameworksBuildPhase section */
		4F0A734121B7B3C4000E0E31 /* Frameworks */ = {
			isa = PBXFrameworksBuildPhase;
			buildActionMask = 2147483647;
			files = (
				4FB3890821F5A2E4008BE0C2 /* AudioToolbox.framework in Frameworks */,
				4F17085C21D5FC8600CE476E /* VideoToolbox.framework in Frameworks */,
				4F17085B21D5FC6400CE476E /* CoreMedia.framework in Frameworks */,
				4F9ADF1121B7D02900862770 /* libcommon.a in Frameworks */,
				4F0A740821B7BC4C000E0E31 /* libz.tbd in Frameworks */,
				4F1706A421D207BA00CE476E /* libopus.a in Frameworks */,
				4F17071C21D3206600CE476E /* libavformat.a in Frameworks */,
				4F9ADF0921B7D02900862770 /* libiotsdk_lib.a in Frameworks */,
				4F17071A21D3206600CE476E /* libavutil.a in Frameworks */,
				4F17071B21D3206600CE476E /* libavcodec.a in Frameworks */,
				4F9ADF0D21B7D02900862770 /* libssl.a in Frameworks */,
				4F0A740621B7BC09000E0E31 /* libiconv.tbd in Frameworks */,
				4F9ADF1021B7D02900862770 /* liboss_c_sdk.a in Frameworks */,
				4F17071E21D3206600CE476E /* libswscale.a in Frameworks */,
				4F9ADF0B21B7D02900862770 /* libconn3_transport.a in Frameworks */,
				4F17071D21D3206600CE476E /* libswresample.a in Frameworks */,
				4F9ADF0821B7D02900862770 /* libaprutil-1.a in Frameworks */,
				4F9ADF0621B7D02900862770 /* libpjlib.a in Frameworks */,
				4F9ADF0C21B7D02900862770 /* libjson_cpp.a in Frameworks */,
				4F9ADF0521B7D02900862770 /* libmxml.a in Frameworks */,
				4F9ADF0F21B7D02900862770 /* libapr-1.a in Frameworks */,
				4F0A73F821B7B544000E0E31 /* libx265.a in Frameworks */,
				4F9ADF0721B7D02900862770 /* libpjnath.a in Frameworks */,
				4F9ADF0321B7D02900862770 /* libcrypto.a in Frameworks */,
				4F9ADF0421B7D02900862770 /* libpjlib-util.a in Frameworks */,
				4F0A73F121B7B539000E0E31 /* libx264.a in Frameworks */,
				4FB2AA8221D0E8C500FE6A07 /* libfdk-aac.a in Frameworks */,
				4F9ADF0A21B7D02900862770 /* libminiupnpc.a in Frameworks */,
				4F9ADF0E21B7D02900862770 /* libcurl.a in Frameworks */,
			);
			runOnlyForDeploymentPostprocessing = 0;
		};
/* End PBXFrameworksBuildPhase section */

/* Begin PBXGroup section */
		4F0A733B21B7B3C4000E0E31 = {
			isa = PBXGroup;
			children = (
				4F0A734621B7B3C4000E0E31 /* ios_example */,
				4F0A734521B7B3C4000E0E31 /* Products */,
				4F0A740421B7BC09000E0E31 /* Frameworks */,
			);
			sourceTree = "<group>";
		};
		4F0A734521B7B3C4000E0E31 /* Products */ = {
			isa = PBXGroup;
			children = (
				4F0A734421B7B3C4000E0E31 /* ios_example.app */,
			);
			name = Products;
			sourceTree = "<group>";
		};
		4F0A734621B7B3C4000E0E31 /* ios_example */ = {
			isa = PBXGroup;
			children = (
				4F8C2FAA224222C000531FB2 /* IDETemplateMacros.plist */,
				4F0A737021B7B50C000E0E31 /* thirdlibs */,
				4F0A735D21B7B462000E0E31 /* source */,
				4F1DA55E21CCE5D6000EFE53 /* transcoding.c */,
				4F9ADF1421B7D12F00862770 /* IotlibTool.h */,
				4F9ADF1521B7D12F00862770 /* IotlibTool.m */,
				4F0A734721B7B3C4000E0E31 /* AppDelegate.h */,
				4F0A734821B7B3C4000E0E31 /* AppDelegate.m */,
				4F0A734A21B7B3C4000E0E31 /* ViewController.h */,
				4F0A734B21B7B3C4000E0E31 /* ViewController.mm */,
				4F0A740921B7C4A0000E0E31 /* MSViewController.h */,
				4F0A740A21B7C4A0000E0E31 /* MSViewController.mm */,
				4F0A734D21B7B3C4000E0E31 /* Main.storyboard */,
				4F0A735021B7B3C6000E0E31 /* Assets.xcassets */,
				4F0A735221B7B3C6000E0E31 /* LaunchScreen.storyboard */,
				4F0A735521B7B3C6000E0E31 /* Info.plist */,
				4F0A735621B7B3C6000E0E31 /* main.m */,
			);
			path = ios_example;
			sourceTree = "<group>";
		};
		4F0A735D21B7B462000E0E31 /* source */ = {
			isa = PBXGroup;
			children = (
				4F81B868221D56A100385B2B /* MediaStreamPlayer.h */,
				4F0E550221EF255900302D45 /* MSMacros.h */,
				4F0A735E21B7B462000E0E31 /* MSCodecSyncProtocol.h */,
				4FF055DF21DC936700339CDF /* MSCodecAsynProtocol.h */,
				4FF055DD21DC53AD00339CDF /* MSAsynDataReceiver.h */,
				4F0A736221B7B462000E0E31 /* MSPlayer.hpp */,
				4F0A736321B7B462000E0E31 /* MSMedia.hpp */,
				4FCF481121F05DFD0030E739 /* MSNaluParts.hpp */,
				4FCF481021F05DFD0030E739 /* MSNaluParts.cpp */,
				4F17085E21D6065D00CE476E /* MSBinary.hpp */,
				4F17085D21D6065D00CE476E /* MSBinary.cpp */,
				4F0A736921B7B462000E0E31 /* MSTimer.hpp */,
				4F0A736421B7B462000E0E31 /* MSTimer.cpp */,
				4F207D10223743350098190E /* MSOpenGLES.hpp */,
				4F207D0F223743350098190E /* MSOpenGLES.cpp */,
				4F65D95F22293315008B4B3D /* MSGLHanlder.hpp */,
				4F65D95E22293315008B4B3D /* MSGLHanlder.cpp */,
				4F0A735F21B7B462000E0E31 /* FFCodecContext.hpp */,
				4F0A736721B7B462000E0E31 /* FFCodecContext.cpp */,
				4F0A736821B7B462000E0E31 /* FFDecoder.hpp */,
				4F0A736121B7B462000E0E31 /* FFDecoder.cpp */,
				4F0A736621B7B462000E0E31 /* FFEncoder.hpp */,
				4F0A736521B7B462000E0E31 /* FFEncoder.cpp */,
				4F1707B721D3785800CE476E /* APCodecContext.hpp */,
				4F1707B621D3785800CE476E /* APCodecContext.cpp */,
				4F1707B421D3639E00CE476E /* APDecoder.hpp */,
				4F1707B321D3639E00CE476E /* APDecoder.cpp */,
				4F1707B121D3632300CE476E /* APEncoder.hpp */,
				4F1707B021D3632300CE476E /* APEncoder.cpp */,
				4F65D95B222931A2008B4B3D /* APVideoRender.h */,
				4F65D95C222931A2008B4B3D /* APVideoRender.mm */,
				4F888022223F46190001CA94 /* APAudioRender.h */,
				4F888023223F46190001CA94 /* APAudioRender.mm */,
				4F1F3266222E73480022CE66 /* yuv.vsh */,
				4F1F3268222E82000022CE66 /* yuv.fsh */,
			);
			name = source;
			path = ../../../source;
			sourceTree = "<group>";
		};
		4F0A737021B7B50C000E0E31 /* thirdlibs */ = {
			isa = PBXGroup;
			children = (
				4F9ADEEE21B7D02900862770 /* IPC */,
				4F0A73F921B7BBCA000E0E31 /* fdk-aac */,
				4F17061521D1DABD00CE476E /* opus */,
				4F0A73F221B7B544000E0E31 /* x265 */,
				4F0A73EB21B7B539000E0E31 /* x264 */,
				4F0A737121B7B523000E0E31 /* ffmpeg */,
			);
			path = thirdlibs;
			sourceTree = "<group>";
		};
		4F0A737121B7B523000E0E31 /* ffmpeg */ = {
			isa = PBXGroup;
			children = (
				4F1706A621D3206500CE476E /* include */,
				4F17071421D3206600CE476E /* lib */,
			);
			path = ffmpeg;
			sourceTree = "<group>";
		};
		4F0A73EB21B7B539000E0E31 /* x264 */ = {
			isa = PBXGroup;
			children = (
				4F0A73EC21B7B539000E0E31 /* include */,
				4F0A73EF21B7B539000E0E31 /* lib */,
			);
			path = x264;
			sourceTree = "<group>";
		};
		4F0A73EC21B7B539000E0E31 /* include */ = {
			isa = PBXGroup;
			children = (
				4F0A73ED21B7B539000E0E31 /* x264_config.h */,
				4F0A73EE21B7B539000E0E31 /* x264.h */,
			);
			path = include;
			sourceTree = "<group>";
		};
		4F0A73EF21B7B539000E0E31 /* lib */ = {
			isa = PBXGroup;
			children = (
				4F0A73F021B7B539000E0E31 /* libx264.a */,
			);
			path = lib;
			sourceTree = "<group>";
		};
		4F0A73F221B7B544000E0E31 /* x265 */ = {
			isa = PBXGroup;
			children = (
				4F0A73F321B7B544000E0E31 /* include */,
				4F0A73F621B7B544000E0E31 /* lib */,
			);
			path = x265;
			sourceTree = "<group>";
		};
		4F0A73F321B7B544000E0E31 /* include */ = {
			isa = PBXGroup;
			children = (
				4F0A73F421B7B544000E0E31 /* x265.h */,
				4F0A73F521B7B544000E0E31 /* x265_config.h */,
			);
			path = include;
			sourceTree = "<group>";
		};
		4F0A73F621B7B544000E0E31 /* lib */ = {
			isa = PBXGroup;
			children = (
				4F0A73F721B7B544000E0E31 /* libx265.a */,
			);
			path = lib;
			sourceTree = "<group>";
		};
		4F0A73F921B7BBCA000E0E31 /* fdk-aac */ = {
			isa = PBXGroup;
			children = (
				4FB2AA7A21D0E8C500FE6A07 /* include */,
				4FB2AA7821D0E8C500FE6A07 /* lib */,
			);
			path = "fdk-aac";
			sourceTree = "<group>";
		};
		4F0A740421B7BC09000E0E31 /* Frameworks */ = {
			isa = PBXGroup;
			children = (
				4F1F32742230FD9C0022CE66 /* OpenGLES.framework */,
				4F226DA8221E35F9006A1046 /* CoreAudio.framework */,
				4FB3890721F5A2E4008BE0C2 /* AudioToolbox.framework */,
				4F17085A21D5FC6400CE476E /* CoreMedia.framework */,
				4F17085821D5FC5300CE476E /* MediaToolbox.framework */,
				4F17085621D5FC3F00CE476E /* VideoToolbox.framework */,
				4F0A740721B7BC4C000E0E31 /* libz.tbd */,
				4F0A740521B7BC09000E0E31 /* libiconv.tbd */,
			);
			name = Frameworks;
			sourceTree = "<group>";
		};
		4F17061521D1DABD00CE476E /* opus */ = {
			isa = PBXGroup;
			children = (
				4F17069921D207BA00CE476E /* include */,
				4F17069F21D207BA00CE476E /* lib */,
			);
			path = opus;
			sourceTree = "<group>";
		};
		4F17069921D207BA00CE476E /* include */ = {
			isa = PBXGroup;
			children = (
				4F17069A21D207BA00CE476E /* opus.h */,
				4F17069B21D207BA00CE476E /* opus_multistream.h */,
				4F17069C21D207BA00CE476E /* opus_types.h */,
				4F17069D21D207BA00CE476E /* opus_defines.h */,
				4F17069E21D207BA00CE476E /* opus_projection.h */,
			);
			path = include;
			sourceTree = "<group>";
		};
		4F17069F21D207BA00CE476E /* lib */ = {
			isa = PBXGroup;
			children = (
				4F1706A221D207BA00CE476E /* libopus.a */,
			);
			path = lib;
			sourceTree = "<group>";
		};
		4F1706A621D3206500CE476E /* include */ = {
			isa = PBXGroup;
			children = (
				4F1706A721D3206500CE476E /* libavutil */,
				4F1706F721D3206500CE476E /* libavformat */,
				4F1706FB21D3206500CE476E /* libswscale */,
				4F1706FE21D3206500CE476E /* libavcodec */,
				4F17071121D3206500CE476E /* libswresample */,
			);
			path = include;
			sourceTree = "<group>";
		};
		4F1706A721D3206500CE476E /* libavutil */ = {
			isa = PBXGroup;
			children = (
				4F1706A821D3206500CE476E /* hwcontext.h */,
				4F1706A921D3206500CE476E /* time.h */,
				4F1706AA21D3206500CE476E /* hwcontext_cuda.h */,
				4F1706AB21D3206500CE476E /* intfloat.h */,
				4F1706AC21D3206500CE476E /* error.h */,
				4F1706AD21D3206500CE476E /* fifo.h */,
				4F1706AE21D3206500CE476E /* blowfish.h */,
				4F1706AF21D3206500CE476E /* hwcontext_mediacodec.h */,
				4F1706B021D3206500CE476E /* replaygain.h */,
				4F1706B121D3206500CE476E /* version.h */,
				4F1706B221D3206500CE476E /* murmur3.h */,
				4F1706B321D3206500CE476E /* stereo3d.h */,
				4F1706B421D3206500CE476E /* samplefmt.h */,
				4F1706B521D3206500CE476E /* pixdesc.h */,
				4F1706B621D3206500CE476E /* base64.h */,
				4F1706B721D3206500CE476E /* rational.h */,
				4F1706B821D3206500CE476E /* sha.h */,
				4F1706B921D3206500CE476E /* motion_vector.h */,
				4F1706BA21D3206500CE476E /* avconfig.h */,
				4F1706BB21D3206500CE476E /* lfg.h */,
				4F1706BC21D3206500CE476E /* avutil.h */,
				4F1706BD21D3206500CE476E /* xtea.h */,
				4F1706BE21D3206500CE476E /* crc.h */,
				4F1706BF21D3206500CE476E /* hwcontext_vdpau.h */,
				4F1706C021D3206500CE476E /* frame.h */,
				4F1706C121D3206500CE476E /* file.h */,
				4F1706C221D3206500CE476E /* md5.h */,
				4F1706C321D3206500CE476E /* cast5.h */,
				4F1706C421D3206500CE476E /* hwcontext_vaapi.h */,
				4F1706C521D3206500CE476E /* spherical.h */,
				4F1706C621D3206500CE476E /* ffversion.h */,
				4F1706C721D3206500CE476E /* audio_fifo.h */,
				4F1706C821D3206500CE476E /* tree.h */,
				4F1706C921D3206500CE476E /* threadmessage.h */,
				4F1706CA21D3206500CE476E /* attributes.h */,
				4F1706CB21D3206500CE476E /* adler32.h */,
				4F1706CC21D3206500CE476E /* hwcontext_d3d11va.h */,
				4F1706CD21D3206500CE476E /* timecode.h */,
				4F1706CE21D3206500CE476E /* sha512.h */,
				4F1706CF21D3206500CE476E /* hwcontext_dxva2.h */,
				4F1706D021D3206500CE476E /* display.h */,
				4F1706D121D3206500CE476E /* buffer.h */,
				4F1706D221D3206500CE476E /* camellia.h */,
				4F1706D321D3206500CE476E /* pixelutils.h */,
				4F1706D421D3206500CE476E /* hwcontext_drm.h */,
				4F1706D521D3206500CE476E /* common.h */,
				4F1706D621D3206500CE476E /* hmac.h */,
				4F1706D721D3206500CE476E /* eval.h */,
				4F1706D821D3206500CE476E /* dict.h */,
				4F1706D921D3206500CE476E /* random_seed.h */,
				4F1706DA21D3206500CE476E /* opt.h */,
				4F1706DB21D3206500CE476E /* mastering_display_metadata.h */,
				4F1706DC21D3206500CE476E /* log.h */,
				4F1706DD21D3206500CE476E /* aes.h */,
				4F1706DE21D3206500CE476E /* macros.h */,
				4F1706DF21D3206500CE476E /* bswap.h */,
				4F1706E021D3206500CE476E /* rc4.h */,
				4F1706E121D3206500CE476E /* tea.h */,
				4F1706E221D3206500CE476E /* cpu.h */,
				4F1706E321D3206500CE476E /* des.h */,
				4F1706E421D3206500CE476E /* channel_layout.h */,
				4F1706E521D3206500CE476E /* encryption_info.h */,
				4F1706E621D3206500CE476E /* twofish.h */,
				4F1706E721D3206500CE476E /* imgutils.h */,
				4F1706E821D3206500CE476E /* hwcontext_videotoolbox.h */,
				4F1706E921D3206500CE476E /* mem.h */,
				4F1706EA21D3206500CE476E /* parseutils.h */,
				4F1706EB21D3206500CE476E /* ripemd.h */,
				4F1706EC21D3206500CE476E /* bprint.h */,
				4F1706ED21D3206500CE476E /* hwcontext_qsv.h */,
				4F1706EE21D3206500CE476E /* pixfmt.h */,
				4F1706EF21D3206500CE476E /* aes_ctr.h */,
				4F1706F021D3206500CE476E /* timestamp.h */,
				4F1706F121D3206500CE476E /* downmix_info.h */,
				4F1706F221D3206500CE476E /* avassert.h */,
				4F1706F321D3206500CE476E /* hash.h */,
				4F1706F421D3206500CE476E /* mathematics.h */,
				4F1706F521D3206500CE476E /* intreadwrite.h */,
				4F1706F621D3206500CE476E /* avstring.h */,
			);
			path = libavutil;
			sourceTree = "<group>";
		};
		4F1706F721D3206500CE476E /* libavformat */ = {
			isa = PBXGroup;
			children = (
				4F1706F821D3206500CE476E /* version.h */,
				4F1706F921D3206500CE476E /* avio.h */,
				4F1706FA21D3206500CE476E /* avformat.h */,
			);
			path = libavformat;
			sourceTree = "<group>";
		};
		4F1706FB21D3206500CE476E /* libswscale */ = {
			isa = PBXGroup;
			children = (
				4F1706FC21D3206500CE476E /* version.h */,
				4F1706FD21D3206500CE476E /* swscale.h */,
			);
			path = libswscale;
			sourceTree = "<group>";
		};
		4F1706FE21D3206500CE476E /* libavcodec */ = {
			isa = PBXGroup;
			children = (
				4F1706FF21D3206500CE476E /* adts_parser.h */,
				4F17070021D3206500CE476E /* avcodec.h */,
				4F17070121D3206500CE476E /* version.h */,
				4F17070221D3206500CE476E /* vdpau.h */,
				4F17070321D3206500CE476E /* qsv.h */,
				4F17070421D3206500CE476E /* vaapi.h */,
				4F17070521D3206500CE476E /* videotoolbox.h */,
				4F17070621D3206500CE476E /* xvmc.h */,
				4F17070721D3206500CE476E /* mediacodec.h */,
				4F17070821D3206500CE476E /* d3d11va.h */,
				4F17070921D3206500CE476E /* avfft.h */,
				4F17070A21D3206500CE476E /* jni.h */,
				4F17070B21D3206500CE476E /* dirac.h */,
				4F17070C21D3206500CE476E /* avdct.h */,
				4F17070D21D3206500CE476E /* ac3_parser.h */,
				4F17070E21D3206500CE476E /* vorbis_parser.h */,
				4F17070F21D3206500CE476E /* dxva2.h */,
				4F17071021D3206500CE476E /* dv_profile.h */,
			);
			path = libavcodec;
			sourceTree = "<group>";
		};
		4F17071121D3206500CE476E /* libswresample */ = {
			isa = PBXGroup;
			children = (
				4F17071221D3206500CE476E /* version.h */,
				4F17071321D3206500CE476E /* swresample.h */,
			);
			path = libswresample;
			sourceTree = "<group>";
		};
		4F17071421D3206600CE476E /* lib */ = {
			isa = PBXGroup;
			children = (
				4F17071521D3206600CE476E /* libavutil.a */,
				4F17071621D3206600CE476E /* libavcodec.a */,
				4F17071721D3206600CE476E /* libavformat.a */,
				4F17071821D3206600CE476E /* libswresample.a */,
				4F17071921D3206600CE476E /* libswscale.a */,
			);
			path = lib;
			sourceTree = "<group>";
		};
		4F9ADEEE21B7D02900862770 /* IPC */ = {
			isa = PBXGroup;
			children = (
				4F9ADF1221B7D04E00862770 /* include */,
				4F9ADF1321B7D05D00862770 /* lib */,
			);
			path = IPC;
			sourceTree = "<group>";
		};
		4F9ADF1221B7D04E00862770 /* include */ = {
			isa = PBXGroup;
			children = (
				4F9ADEF021B7D02900862770 /* iot_comm.pb.h */,
				4F9ADEF621B7D02900862770 /* header_def.h */,
				4F9ADEF721B7D02900862770 /* iot_dev_sdk.h */,
				4F9ADEFC21B7D02900862770 /* iotsdk_if.h */,
				4F9ADF0021B7D02900862770 /* pb.h */,
			);
			path = include;
			sourceTree = "<group>";
		};
		4F9ADF1321B7D05D00862770 /* lib */ = {
			isa = PBXGroup;
			children = (
				4F9ADEEF21B7D02900862770 /* libcrypto.a */,
				4F9ADEF121B7D02900862770 /* libpjlib-util.a */,
				4F9ADEF221B7D02900862770 /* libmxml.a */,
				4F9ADEF321B7D02900862770 /* libpjlib.a */,
				4F9ADEF421B7D02900862770 /* libpjnath.a */,
				4F9ADEF521B7D02900862770 /* libaprutil-1.a */,
				4F9ADEF821B7D02900862770 /* libiotsdk_lib.a */,
				4F9ADEF921B7D02900862770 /* libminiupnpc.a */,
				4F9ADEFA21B7D02900862770 /* libconn3_transport.a */,
				4F9ADEFB21B7D02900862770 /* libjson_cpp.a */,
				4F9ADEFD21B7D02900862770 /* libssl.a */,
				4F9ADEFE21B7D02900862770 /* libcurl.a */,
				4F9ADEFF21B7D02900862770 /* libapr-1.a */,
				4F9ADF0121B7D02900862770 /* liboss_c_sdk.a */,
				4F9ADF0221B7D02900862770 /* libcommon.a */,
			);
			path = lib;
			sourceTree = "<group>";
		};
		4FB2AA7821D0E8C500FE6A07 /* lib */ = {
			isa = PBXGroup;
			children = (
				4FB2AA7921D0E8C500FE6A07 /* libfdk-aac.a */,
			);
			path = lib;
			sourceTree = "<group>";
		};
		4FB2AA7A21D0E8C500FE6A07 /* include */ = {
			isa = PBXGroup;
			children = (
				4FB2AA7B21D0E8C500FE6A07 /* fdk-aac */,
			);
			path = include;
			sourceTree = "<group>";
		};
		4FB2AA7B21D0E8C500FE6A07 /* fdk-aac */ = {
			isa = PBXGroup;
			children = (
				4FB2AA7C21D0E8C500FE6A07 /* syslib_channelMapDescr.h */,
				4FB2AA7D21D0E8C500FE6A07 /* aacdecoder_lib.h */,
				4FB2AA7E21D0E8C500FE6A07 /* machine_type.h */,
				4FB2AA7F21D0E8C500FE6A07 /* aacenc_lib.h */,
				4FB2AA8021D0E8C500FE6A07 /* genericStds.h */,
				4FB2AA8121D0E8C500FE6A07 /* FDK_audio.h */,
			);
			path = "fdk-aac";
			sourceTree = "<group>";
		};
/* End PBXGroup section */

/* Begin PBXNativeTarget section */
		4F0A734321B7B3C4000E0E31 /* ios_example */ = {
			isa = PBXNativeTarget;
			buildConfigurationList = 4F0A735A21B7B3C6000E0E31 /* Build configuration list for PBXNativeTarget "ios_example" */;
			buildPhases = (
				4F0A734021B7B3C4000E0E31 /* Sources */,
				4F0A734121B7B3C4000E0E31 /* Frameworks */,
				4F0A734221B7B3C4000E0E31 /* Resources */,
			);
			buildRules = (
			);
			dependencies = (
			);
			name = ios_example;
			productName = ios_example;
			productReference = 4F0A734421B7B3C4000E0E31 /* ios_example.app */;
			productType = "com.apple.product-type.application";
		};
/* End PBXNativeTarget section */

/* Begin PBXProject section */
		4F0A733C21B7B3C4000E0E31 /* Project object */ = {
			isa = PBXProject;
			attributes = {
				LastUpgradeCheck = 1000;
				ORGANIZATIONNAME = freecoder;
				TargetAttributes = {
					4F0A734321B7B3C4000E0E31 = {
						CreatedOnToolsVersion = 10.0;
						SystemCapabilities = {
							com.apple.BackgroundModes = {
								enabled = 1;
							};
						};
					};
				};
			};
			buildConfigurationList = 4F0A733F21B7B3C4000E0E31 /* Build configuration list for PBXProject "ios_example" */;
			compatibilityVersion = "Xcode 9.3";
			developmentRegion = en;
			hasScannedForEncodings = 0;
			knownRegions = (
				en,
				Base,
			);
			mainGroup = 4F0A733B21B7B3C4000E0E31;
			productRefGroup = 4F0A734521B7B3C4000E0E31 /* Products */;
			projectDirPath = "";
			projectRoot = "";
			targets = (
				4F0A734321B7B3C4000E0E31 /* ios_example */,
			);
		};
/* End PBXProject section */

/* Begin PBXResourcesBuildPhase section */
		4F0A734221B7B3C4000E0E31 /* Resources */ = {
			isa = PBXResourcesBuildPhase;
			buildActionMask = 2147483647;
			files = (
				4F8C2FAB224222C000531FB2 /* IDETemplateMacros.plist in Resources */,
				4F1F3269222E82000022CE66 /* yuv.fsh in Resources */,
				4F0A735421B7B3C6000E0E31 /* LaunchScreen.storyboard in Resources */,
				4F0A736C21B7B462000E0E31 /* MSMedia.hpp in Resources */,
				4F1F3267222E73480022CE66 /* yuv.vsh in Resources */,
				4F0A736B21B7B462000E0E31 /* MSPlayer.hpp in Resources */,
				4F0A735121B7B3C6000E0E31 /* Assets.xcassets in Resources */,
				4F0A734F21B7B3C4000E0E31 /* Main.storyboard in Resources */,
			);
			runOnlyForDeploymentPostprocessing = 0;
		};
/* End PBXResourcesBuildPhase section */

/* Begin PBXSourcesBuildPhase section */
		4F0A734021B7B3C4000E0E31 /* Sources */ = {
			isa = PBXSourcesBuildPhase;
			buildActionMask = 2147483647;
			files = (
				4F0A736A21B7B462000E0E31 /* FFDecoder.cpp in Sources */,
				4F207D11223743350098190E /* MSOpenGLES.cpp in Sources */,
				4F0A734C21B7B3C4000E0E31 /* ViewController.mm in Sources */,
				4F0A736E21B7B462000E0E31 /* FFEncoder.cpp in Sources */,
				4F1707B921D4B6BD00CE476E /* APDecoder.cpp in Sources */,
				4F0A736D21B7B462000E0E31 /* MSTimer.cpp in Sources */,
				4F0A740B21B7C4A0000E0E31 /* MSViewController.mm in Sources */,
				4F0A736F21B7B462000E0E31 /* FFCodecContext.cpp in Sources */,
				4F0A735721B7B3C6000E0E31 /* main.m in Sources */,
				4F65D96022293315008B4B3D /* MSGLHanlder.cpp in Sources */,
				4F65D95D222931A2008B4B3D /* APVideoRender.mm in Sources */,
				4F9ADF1621B7D12F00862770 /* IotlibTool.m in Sources */,
				4F888024223F46190001CA94 /* APAudioRender.mm in Sources */,
				4F0A734921B7B3C4000E0E31 /* AppDelegate.m in Sources */,
				4F17085F21D6065D00CE476E /* MSBinary.cpp in Sources */,
				4F1707B821D3785800CE476E /* APCodecContext.cpp in Sources */,
				4FCF481221F05DFD0030E739 /* MSNaluParts.cpp in Sources */,
				4F1707BA21D4B6C000CE476E /* APEncoder.cpp in Sources */,
			);
			runOnlyForDeploymentPostprocessing = 0;
		};
/* End PBXSourcesBuildPhase section */

/* Begin PBXVariantGroup section */
		4F0A734D21B7B3C4000E0E31 /* Main.storyboard */ = {
			isa = PBXVariantGroup;
			children = (
				4F0A734E21B7B3C4000E0E31 /* Base */,
			);
			name = Main.storyboard;
			sourceTree = "<group>";
		};
		4F0A735221B7B3C6000E0E31 /* LaunchScreen.storyboard */ = {
			isa = PBXVariantGroup;
			children = (
				4F0A735321B7B3C6000E0E31 /* Base */,
			);
			name = LaunchScreen.storyboard;
			sourceTree = "<group>";
		};
/* End PBXVariantGroup section */

/* Begin XCBuildConfiguration section */
		4F0A735821B7B3C6000E0E31 /* Debug */ = {
			isa = XCBuildConfiguration;
			buildSettings = {
				ALWAYS_SEARCH_USER_PATHS = NO;
				CLANG_ANALYZER_NONNULL = YES;
				CLANG_ANALYZER_NUMBER_OBJECT_CONVERSION = YES_AGGRESSIVE;
				CLANG_CXX_LANGUAGE_STANDARD = "gnu++14";
				CLANG_CXX_LIBRARY = "libc++";
				CLANG_ENABLE_MODULES = YES;
				CLANG_ENABLE_OBJC_ARC = YES;
				CLANG_ENABLE_OBJC_WEAK = YES;
				CLANG_WARN_BLOCK_CAPTURE_AUTORELEASING = YES;
				CLANG_WARN_BOOL_CONVERSION = YES;
				CLANG_WARN_COMMA = YES;
				CLANG_WARN_CONSTANT_CONVERSION = YES;
				CLANG_WARN_DEPRECATED_OBJC_IMPLEMENTATIONS = YES;
				CLANG_WARN_DIRECT_OBJC_ISA_USAGE = YES_ERROR;
				CLANG_WARN_DOCUMENTATION_COMMENTS = YES;
				CLANG_WARN_EMPTY_BODY = YES;
				CLANG_WARN_ENUM_CONVERSION = YES;
				CLANG_WARN_INFINITE_RECURSION = YES;
				CLANG_WARN_INT_CONVERSION = YES;
				CLANG_WARN_NON_LITERAL_NULL_CONVERSION = YES;
				CLANG_WARN_OBJC_IMPLICIT_RETAIN_SELF = YES;
				CLANG_WARN_OBJC_LITERAL_CONVERSION = YES;
				CLANG_WARN_OBJC_ROOT_CLASS = YES_ERROR;
				CLANG_WARN_RANGE_LOOP_ANALYSIS = YES;
				CLANG_WARN_STRICT_PROTOTYPES = YES;
				CLANG_WARN_SUSPICIOUS_MOVE = YES;
				CLANG_WARN_UNGUARDED_AVAILABILITY = YES_AGGRESSIVE;
				CLANG_WARN_UNREACHABLE_CODE = YES;
				CLANG_WARN__DUPLICATE_METHOD_MATCH = YES;
				CODE_SIGN_IDENTITY = "iPhone Developer";
				COPY_PHASE_STRIP = NO;
				DEBUG_INFORMATION_FORMAT = dwarf;
				ENABLE_STRICT_OBJC_MSGSEND = YES;
				ENABLE_TESTABILITY = YES;
				GCC_C_LANGUAGE_STANDARD = gnu11;
				GCC_DYNAMIC_NO_PIC = NO;
				GCC_NO_COMMON_BLOCKS = YES;
				GCC_OPTIMIZATION_LEVEL = 0;
				GCC_PREPROCESSOR_DEFINITIONS = (
					"DEBUG=1",
					"$(inherited)",
				);
				GCC_WARN_64_TO_32_BIT_CONVERSION = YES;
				GCC_WARN_ABOUT_RETURN_TYPE = YES_ERROR;
				GCC_WARN_UNDECLARED_SELECTOR = YES;
				GCC_WARN_UNINITIALIZED_AUTOS = YES_AGGRESSIVE;
				GCC_WARN_UNUSED_FUNCTION = YES;
				GCC_WARN_UNUSED_VARIABLE = YES;
				IPHONEOS_DEPLOYMENT_TARGET = 12.0;
				MTL_ENABLE_DEBUG_INFO = INCLUDE_SOURCE;
				MTL_FAST_MATH = YES;
				ONLY_ACTIVE_ARCH = YES;
				SDKROOT = iphoneos;
				VALID_ARCHS = "arm64 armv7";
			};
			name = Debug;
		};
		4F0A735921B7B3C6000E0E31 /* Release */ = {
			isa = XCBuildConfiguration;
			buildSettings = {
				ALWAYS_SEARCH_USER_PATHS = NO;
				CLANG_ANALYZER_NONNULL = YES;
				CLANG_ANALYZER_NUMBER_OBJECT_CONVERSION = YES_AGGRESSIVE;
				CLANG_CXX_LANGUAGE_STANDARD = "gnu++14";
				CLANG_CXX_LIBRARY = "libc++";
				CLANG_ENABLE_MODULES = YES;
				CLANG_ENABLE_OBJC_ARC = YES;
				CLANG_ENABLE_OBJC_WEAK = YES;
				CLANG_WARN_BLOCK_CAPTURE_AUTORELEASING = YES;
				CLANG_WARN_BOOL_CONVERSION = YES;
				CLANG_WARN_COMMA = YES;
				CLANG_WARN_CONSTANT_CONVERSION = YES;
				CLANG_WARN_DEPRECATED_OBJC_IMPLEMENTATIONS = YES;
				CLANG_WARN_DIRECT_OBJC_ISA_USAGE = YES_ERROR;
				CLANG_WARN_DOCUMENTATION_COMMENTS = YES;
				CLANG_WARN_EMPTY_BODY = YES;
				CLANG_WARN_ENUM_CONVERSION = YES;
				CLANG_WARN_INFINITE_RECURSION = YES;
				CLANG_WARN_INT_CONVERSION = YES;
				CLANG_WARN_NON_LITERAL_NULL_CONVERSION = YES;
				CLANG_WARN_OBJC_IMPLICIT_RETAIN_SELF = YES;
				CLANG_WARN_OBJC_LITERAL_CONVERSION = YES;
				CLANG_WARN_OBJC_ROOT_CLASS = YES_ERROR;
				CLANG_WARN_RANGE_LOOP_ANALYSIS = YES;
				CLANG_WARN_STRICT_PROTOTYPES = YES;
				CLANG_WARN_SUSPICIOUS_MOVE = YES;
				CLANG_WARN_UNGUARDED_AVAILABILITY = YES_AGGRESSIVE;
				CLANG_WARN_UNREACHABLE_CODE = YES;
				CLANG_WARN__DUPLICATE_METHOD_MATCH = YES;
				CODE_SIGN_IDENTITY = "iPhone Developer";
				COPY_PHASE_STRIP = NO;
				DEBUG_INFORMATION_FORMAT = "dwarf-with-dsym";
				ENABLE_NS_ASSERTIONS = NO;
				ENABLE_STRICT_OBJC_MSGSEND = YES;
				GCC_C_LANGUAGE_STANDARD = gnu11;
				GCC_NO_COMMON_BLOCKS = YES;
				GCC_WARN_64_TO_32_BIT_CONVERSION = YES;
				GCC_WARN_ABOUT_RETURN_TYPE = YES_ERROR;
				GCC_WARN_UNDECLARED_SELECTOR = YES;
				GCC_WARN_UNINITIALIZED_AUTOS = YES_AGGRESSIVE;
				GCC_WARN_UNUSED_FUNCTION = YES;
				GCC_WARN_UNUSED_VARIABLE = YES;
				IPHONEOS_DEPLOYMENT_TARGET = 12.0;
				MTL_ENABLE_DEBUG_INFO = NO;
				MTL_FAST_MATH = YES;
				SDKROOT = iphoneos;
				VALIDATE_PRODUCT = YES;
				VALID_ARCHS = "arm64 armv7";
			};
			name = Release;
		};
		4F0A735B21B7B3C6000E0E31 /* Debug */ = {
			isa = XCBuildConfiguration;
			buildSettings = {
				ASSETCATALOG_COMPILER_APPICON_NAME = AppIcon;
				CODE_SIGN_STYLE = Automatic;
				DEVELOPMENT_TEAM = T9QG4DCF4Y;
				ENABLE_BITCODE = NO;
				GCC_C_LANGUAGE_STANDARD = gnu11;
				HEADER_SEARCH_PATHS = (
					"\"$(SRCROOT)/ios_example/thirdlibs/ffmpeg/include\"",
					"\"$(SRCROOT)/../../source\"",
					"\"$(SRCROOT)/ios_example/thirdlibs/IPC/include\"",
				);
				INFOPLIST_FILE = ios_example/Info.plist;
				IPHONEOS_DEPLOYMENT_TARGET = 9.0;
				LD_RUNPATH_SEARCH_PATHS = (
					"$(inherited)",
					"@executable_path/Frameworks",
				);
				LIBRARY_SEARCH_PATHS = (
					"$(inherited)",
					"$(PROJECT_DIR)/ios_example/thirdlibs/ffmpeg/lib",
					"$(PROJECT_DIR)/ios_example/thirdlibs/x264/lib",
					"$(PROJECT_DIR)/ios_example/thirdlibs/x265/lib",
					"$(PROJECT_DIR)/ios_example/thirdlibs/fdk-aac/lib",
					"$(PROJECT_DIR)/ios_example/thirdlibs/IPC/lib",
					"$(PROJECT_DIR)/ios_example/thirdlibs/opus/lib",
				);
				PRODUCT_BUNDLE_IDENTIFIER = "com.freecoder.ios-example";
				PRODUCT_NAME = "$(TARGET_NAME)";
				TARGETED_DEVICE_FAMILY = "1,2";
				VALID_ARCHS = "arm64 armv7";
			};
			name = Debug;
		};
		4F0A735C21B7B3C6000E0E31 /* Release */ = {
			isa = XCBuildConfiguration;
			buildSettings = {
				ASSETCATALOG_COMPILER_APPICON_NAME = AppIcon;
				CODE_SIGN_STYLE = Automatic;
				DEVELOPMENT_TEAM = T9QG4DCF4Y;
				ENABLE_BITCODE = NO;
				GCC_C_LANGUAGE_STANDARD = gnu11;
				HEADER_SEARCH_PATHS = (
					"\"$(SRCROOT)/ios_example/thirdlibs/ffmpeg/include\"",
					"\"$(SRCROOT)/../../source\"",
					"\"$(SRCROOT)/ios_example/thirdlibs/IPC/include\"",
				);
				INFOPLIST_FILE = ios_example/Info.plist;
				IPHONEOS_DEPLOYMENT_TARGET = 9.0;
				LD_RUNPATH_SEARCH_PATHS = (
					"$(inherited)",
					"@executable_path/Frameworks",
				);
				LIBRARY_SEARCH_PATHS = (
					"$(inherited)",
					"$(PROJECT_DIR)/ios_example/thirdlibs/ffmpeg/lib",
					"$(PROJECT_DIR)/ios_example/thirdlibs/x264/lib",
					"$(PROJECT_DIR)/ios_example/thirdlibs/x265/lib",
					"$(PROJECT_DIR)/ios_example/thirdlibs/fdk-aac/lib",
					"$(PROJECT_DIR)/ios_example/thirdlibs/IPC/lib",
					"$(PROJECT_DIR)/ios_example/thirdlibs/opus/lib",
				);
				PRODUCT_BUNDLE_IDENTIFIER = "com.freecoder.ios-example";
				PRODUCT_NAME = "$(TARGET_NAME)";
				TARGETED_DEVICE_FAMILY = "1,2";
				VALID_ARCHS = "arm64 armv7";
			};
			name = Release;
		};
/* End XCBuildConfiguration section */

/* Begin XCConfigurationList section */
		4F0A733F21B7B3C4000E0E31 /* Build configuration list for PBXProject "ios_example" */ = {
			isa = XCConfigurationList;
			buildConfigurations = (
				4F0A735821B7B3C6000E0E31 /* Debug */,
				4F0A735921B7B3C6000E0E31 /* Release */,
			);
			defaultConfigurationIsVisible = 0;
			defaultConfigurationName = Release;
		};
		4F0A735A21B7B3C6000E0E31 /* Build configuration list for PBXNativeTarget "ios_example" */ = {
			isa = XCConfigurationList;
			buildConfigurations = (
				4F0A735B21B7B3C6000E0E31 /* Debug */,
				4F0A735C21B7B3C6000E0E31 /* Release */,
			);
			defaultConfigurationIsVisible = 0;
			defaultConfigurationName = Release;
		};
/* End XCConfigurationList section */
	};
	rootObject = 4F0A733C21B7B3C4000E0E31 /* Project object */;
}
